{
  "lockfile_version": "1",
  "packages": {
    "bun@1.2.5": {
      "last_modified": "2025-03-13T11:38:39Z",
      "resolved": "github:NixOS/nixpkgs/573c650e8a14b2faa0041645ab18aed7e60f0c9a#bun",
      "source": "devbox-search",
      "version": "1.2.5",
      "systems": {
        "aarch64-darwin": {
          "outputs": [
            {
              "name": "out",
              "path": "/nix/store/rzf81xw57rp8vqjwchbcsqb2fy4j51bm-bun-1.2.5",
              "default": true
            }
          ],
          "store_path": "/nix/store/rzf81xw57rp8vqjwchbcsqb2fy4j51bm-bun-1.2.5"
        },
        "aarch64-linux": {
          "outputs": [
            {
              "name": "out",
              "path": "/nix/store/2rqxjvjk0dmr1wjw4sqy3grx3y6brk2c-bun-1.2.5",
              "default": true
            }
          ],
          "store_path": "/nix/store/2rqxjvjk0dmr1wjw4sqy3grx3y6brk2c-bun-1.2.5"
        },
        "x86_64-darwin": {
          "outputs": [
            {
              "name": "out",
              "path": "/nix/store/6nnqxvad5qw8clhawzabld44zngj76j7-bun-1.2.5",
              "default": true
            }
          ],
          "store_path": "/nix/store/6nnqxvad5qw8clhawzabld44zngj76j7-bun-1.2.5"
        },
        "x86_64-linux": {
          "outputs": [
            {
              "name": "out",
              "path": "/nix/store/g8k9g77pf9a1pqbjhfnsh6qam4j5a3cg-bun-1.2.5",
              "default": true
            }
          ],
          "store_path": "/nix/store/g8k9g77pf9a1pqbjhfnsh6qam4j5a3cg-bun-1.2.5"
        }
      }
    },
    "github:NixOS/nixpkgs/nixpkgs-unstable": {
      "resolved": "github:NixOS/nixpkgs/573c650e8a14b2faa0041645ab18aed7e60f0c9a?lastModified=1741865919&narHash=sha256-4thdbnP6dlbdq%2BqZWTsm4ffAwoS8Tiq1YResB%2BRP6WE%3D"
    },
    "k3d@5.8.2": {
      "last_modified": "2025-03-11T17:52:14Z",
      "resolved": "github:NixOS/nixpkgs/0d534853a55b5d02a4ababa1d71921ce8f0aee4c#k3d",
      "source": "devbox-search",
      "version": "5.8.2",
      "systems": {
        "aarch64-darwin": {
          "outputs": [
            {
              "name": "out",
              "path": "/nix/store/3jk6gnn0avi7ik7hhah7vp8h4d3ya18d-k3d-5.8.2",
              "default": true
            }
          ],
          "store_path": "/nix/store/3jk6gnn0avi7ik7hhah7vp8h4d3ya18d-k3d-5.8.2"
        },
        "aarch64-linux": {
          "outputs": [
            {
              "name": "out",
              "path": "/nix/store/slz5bfm2kfza82ivnikcy3z2z5s58230-k3d-5.8.2",
              "default": true
            }
          ],
          "store_path": "/nix/store/slz5bfm2kfza82ivnikcy3z2z5s58230-k3d-5.8.2"
        },
        "x86_64-darwin": {
          "outputs": [
            {
              "name": "out",
              "path": "/nix/store/pvmg40krpzk79j39p8d77196zmr90nww-k3d-5.8.2",
              "default": true
            }
          ],
          "store_path": "/nix/store/pvmg40krpzk79j39p8d77196zmr90nww-k3d-5.8.2"
        },
        "x86_64-linux": {
          "outputs": [
            {
              "name": "out",
              "path": "/nix/store/b4nfv7dhndns4v1fkmqr4whjp46cdqbw-k3d-5.8.2",
              "default": true
            }
          ],
          "store_path": "/nix/store/b4nfv7dhndns4v1fkmqr4whjp46cdqbw-k3d-5.8.2"
        }
      }
    },
    "kubectl@1.32.2": {
      "last_modified": "2025-03-11T17:52:14Z",
      "resolved": "github:NixOS/nixpkgs/0d534853a55b5d02a4ababa1d71921ce8f0aee4c#kubectl",
      "source": "devbox-search",
      "version": "1.32.2",
      "systems": {
        "aarch64-darwin": {
          "outputs": [
            {
              "name": "out",
              "path": "/nix/store/cr69x3lwm2bvicn21xijyswvvfvckb78-kubectl-1.32.2",
              "default": true
            },
            {
              "name": "man",
              "path": "/nix/store/h827jr60kqihjv4kgasfibhsrg4hbxmd-kubectl-1.32.2-man",
              "default": true
            },
            {
              "name": "convert",
              "path": "/nix/store/554dpvy977n9871yvc21nqhsnqkdg5fr-kubectl-1.32.2-convert"
            }
          ],
          "store_path": "/nix/store/cr69x3lwm2bvicn21xijyswvvfvckb78-kubectl-1.32.2"
        },
        "aarch64-linux": {
          "outputs": [
            {
              "name": "out",
              "path": "/nix/store/ln7cfszvc6gjjrarbv0ipf1h8yzgkl46-kubectl-1.32.2",
              "default": true
            },
            {
              "name": "man",
              "path": "/nix/store/m79ivh1p7158mycrxiqslsdwqz0a2y15-kubectl-1.32.2-man",
              "default": true
            },
            {
              "name": "convert",
              "path": "/nix/store/x9c450w9l5l9hdb4sqvysi6wlsg522x7-kubectl-1.32.2-convert"
            }
          ],
          "store_path": "/nix/store/ln7cfszvc6gjjrarbv0ipf1h8yzgkl46-kubectl-1.32.2"
        },
        "x86_64-darwin": {
          "outputs": [
            {
              "name": "out",
              "path": "/nix/store/i31rmk5c0cj83i961kamvnz6wns61rr5-kubectl-1.32.2",
              "default": true
            },
            {
              "name": "man",
              "path": "/nix/store/bxxybbhglqz5dcrqfziil75kfp0xgbsf-kubectl-1.32.2-man",
              "default": true
            },
            {
              "name": "convert",
              "path": "/nix/store/4pma212svdc8gvicxrs9dwv1d070jz6x-kubectl-1.32.2-convert"
            }
          ],
          "store_path": "/nix/store/i31rmk5c0cj83i961kamvnz6wns61rr5-kubectl-1.32.2"
        },
        "x86_64-linux": {
          "outputs": [
            {
              "name": "out",
              "path": "/nix/store/z71m7l32ll43nb5cpfs5fb3acaz3rpx2-kubectl-1.32.2",
              "default": true
            },
            {
              "name": "man",
              "path": "/nix/store/0nwm2ksngri57gvgn2vvpcvy2gcz79bb-kubectl-1.32.2-man",
              "default": true
            },
            {
              "name": "convert",
              "path": "/nix/store/52cf0bmr4pqpid2nid4l1b9i1zr8zkgn-kubectl-1.32.2-convert"
            }
          ],
          "store_path": "/nix/store/z71m7l32ll43nb5cpfs5fb3acaz3rpx2-kubectl-1.32.2"
        }
      }
    },
    "nodejs@23.9.0": {
      "last_modified": "2025-03-11T17:52:14Z",
      "plugin_version": "0.0.2",
      "resolved": "github:NixOS/nixpkgs/0d534853a55b5d02a4ababa1d71921ce8f0aee4c#nodejs_23",
      "source": "devbox-search",
      "version": "23.9.0",
      "systems": {
        "aarch64-darwin": {
          "outputs": [
            {
              "name": "out",
              "path": "/nix/store/9l10wmw90rm34bvywk35bhzyk2gj4p35-nodejs-23.9.0",
              "default": true
            },
            {
              "name": "libv8",
              "path": "/nix/store/1chpq1vc4i1y8mkd51svcgjwdax7f46s-nodejs-23.9.0-libv8"
            }
          ],
          "store_path": "/nix/store/9l10wmw90rm34bvywk35bhzyk2gj4p35-nodejs-23.9.0"
        },
        "aarch64-linux": {
          "outputs": [
            {
              "name": "out",
              "path": "/nix/store/ilsvh6jyc418brlgmsn4h2zv7ria9xjq-nodejs-23.9.0",
              "default": true
            },
            {
              "name": "libv8",
              "path": "/nix/store/308lkql416i82gps52832pr1v20bg02p-nodejs-23.9.0-libv8"
            }
          ],
          "store_path": "/nix/store/ilsvh6jyc418brlgmsn4h2zv7ria9xjq-nodejs-23.9.0"
        },
        "x86_64-darwin": {
          "outputs": [
            {
              "name": "out",
              "path": "/nix/store/526yv5a898wrq6jwjjmbjs4ic2y4979h-nodejs-23.9.0",
              "default": true
            },
            {
              "name": "libv8",
              "path": "/nix/store/8213gq3iqbfyxgmwkhf8yf2nx1mzp2aa-nodejs-23.9.0-libv8"
            }
          ],
          "store_path": "/nix/store/526yv5a898wrq6jwjjmbjs4ic2y4979h-nodejs-23.9.0"
        },
        "x86_64-linux": {
          "outputs": [
            {
              "name": "out",
              "path": "/nix/store/vrkmkzd2f1z6ywqc347p2szz0yvi9g02-nodejs-23.9.0",
              "default": true
            },
            {
              "name": "libv8",
              "path": "/nix/store/wk1nf6dradmfhmb3ws9dsqvxnj6dbgg5-nodejs-23.9.0-libv8"
            }
          ],
          "store_path": "/nix/store/vrkmkzd2f1z6ywqc347p2szz0yvi9g02-nodejs-23.9.0"
        }
      }
    },
    "python@3.13.2": {
      "last_modified": "2025-03-11T17:52:14Z",
      "plugin_version": "0.0.4",
      "resolved": "github:NixOS/nixpkgs/0d534853a55b5d02a4ababa1d71921ce8f0aee4c#python313",
      "source": "devbox-search",
      "version": "3.13.2",
      "systems": {
        "aarch64-darwin": {
          "outputs": [
            {
              "name": "out",
              "path": "/nix/store/c8k24sfwckindjhdxak6z3dhn8w4anx2-python3-3.13.2",
              "default": true
            }
          ],
          "store_path": "/nix/store/c8k24sfwckindjhdxak6z3dhn8w4anx2-python3-3.13.2"
        },
        "aarch64-linux": {
          "outputs": [
            {
              "name": "out",
              "path": "/nix/store/jsqky488530ax8hdaz5ckldxq9y6qr3k-python3-3.13.2",
              "default": true
            },
            {
              "name": "debug",
              "path": "/nix/store/fwwjmw2yddxxm6aj51r16v0ffp77zvk1-python3-3.13.2-debug"
            }
          ],
          "store_path": "/nix/store/jsqky488530ax8hdaz5ckldxq9y6qr3k-python3-3.13.2"
        },
        "x86_64-darwin": {
          "outputs": [
            {
              "name": "out",
              "path": "/nix/store/m2bvzkwhj5b8692388dc0nim945681i0-python3-3.13.2",
              "default": true
            }
          ],
          "store_path": "/nix/store/m2bvzkwhj5b8692388dc0nim945681i0-python3-3.13.2"
        },
        "x86_64-linux": {
          "outputs": [
            {
              "name": "out",
              "path": "/nix/store/1rp7i946hi7fa2wwx2f66w9jsqjh4n08-python3-3.13.2",
              "default": true
            },
            {
              "name": "debug",
              "path": "/nix/store/y0vrby8n95x50xyvg81wv7rysh2lxz06-python3-3.13.2-debug"
            }
          ],
          "store_path": "/nix/store/1rp7i946hi7fa2wwx2f66w9jsqjh4n08-python3-3.13.2"
        }
      }
    }
  }
}
